
Microsoft Visual Studio Solution File, Format Version 12.00
# Visual Studio Version 17
VisualStudioVersion = 17.2.32602.215
MinimumVisualStudioVersion = 10.0.40219.1
Project("{FAE04EC0-301F-11D3-BF4B-00C04F79EFBC}") = "Cookalong", "Cookalong\Cookalong.csproj", "{B9F67422-12FA-4FB6-85BA-9ACEFB0DBC77}"
EndProject
Project("{9A19103F-16F7-4668-BE54-9A1E7A4F7556}") = "Andrew_2_0_Libraries", "Andrew_2_0_Libraries\Andrew_2_0_Libraries\Andrew_2_0_Libraries.csproj", "{881E8D41-798B-49ED-B6CE-5C5F1C43D3A6}"
EndProject
Global
	GlobalSection(SolutionConfigurationPlatforms) = preSolution
		Debug|Any CPU = Debug|Any CPU
		Release|Any CPU = Release|Any CPU
	EndGlobalSection
	GlobalSection(ProjectConfigurationPlatforms) = postSolution
		{B9F67422-12FA-4FB6-85BA-9ACEFB0DBC77}.Debug|Any CPU.ActiveCfg = Debug|Any CPU
		{B9F67422-12FA-4FB6-85BA-9ACEFB0DBC77}.Debug|Any CPU.Build.0 = Debug|Any CPU
		{B9F67422-12FA-4FB6-85BA-9ACEFB0DBC77}.Release|Any CPU.ActiveCfg = Release|Any CPU
		{B9F67422-12FA-4FB6-85BA-9ACEFB0DBC77}.Release|Any CPU.Build.0 = Release|Any CPU
		{881E8D41-798B-49ED-B6CE-5C5F1C43D3A6}.Debug|Any CPU.ActiveCfg = Debug|Any CPU
		{881E8D41-798B-49ED-B6CE-5C5F1C43D3A6}.Debug|Any CPU.Build.0 = Debug|Any CPU
		{881E8D41-798B-49ED-B6CE-5C5F1C43D3A6}.Release|Any CPU.ActiveCfg = Release|Any CPU
		{881E8D41-798B-49ED-B6CE-5C5F1C43D3A6}.Release|Any CPU.Build.0 = Release|Any CPU
	EndGlobalSection
	GlobalSection(SolutionProperties) = preSolution
		HideSolutionNode = FALSE
	EndGlobalSection
	GlobalSection(ExtensibilityGlobals) = postSolution
		SolutionGuid = {1176A1C5-4EB8-4D8D-A3B6-7148106A7724}
	EndGlobalSection
EndGlobal
